
Microsoft Visual Studio Solution File, Format Version 12.00
# Visual Studio Version 17
VisualStudioVersion = 17.1.32319.34
MinimumVisualStudioVersion = 10.0.40219.1
Project("{FAE04EC0-301F-11D3-BF4B-00C04F79EFBC}") = "LargestCommonEnd", "LargestCommonEnd\LargestCommonEnd.csproj", "{6267093F-6303-4CAD-BDD0-B49A20323D3D}"
EndProject
Project("{FAE04EC0-301F-11D3-BF4B-00C04F79EFBC}") = "RotateaAndSum", "RotateaAndSum\RotateaAndSum.csproj", "{E6F16DF5-CC6A-4215-8A61-49182EDD1B27}"
EndProject
Project("{FAE04EC0-301F-11D3-BF4B-00C04F79EFBC}") = "FoldAndSum", "RotateAndSum\FoldAndSum.csproj", "{C56282B5-CCF8-4BE2-90DE-14446290FA78}"
EndProject
Global
	GlobalSection(SolutionConfigurationPlatforms) = preSolution
		Debug|Any CPU = Debug|Any CPU
		Release|Any CPU = Release|Any CPU
	EndGlobalSection
	GlobalSection(ProjectConfigurationPlatforms) = postSolution
		{6267093F-6303-4CAD-BDD0-B49A20323D3D}.Debug|Any CPU.ActiveCfg = Debug|Any CPU
		{6267093F-6303-4CAD-BDD0-B49A20323D3D}.Debug|Any CPU.Build.0 = Debug|Any CPU
		{6267093F-6303-4CAD-BDD0-B49A20323D3D}.Release|Any CPU.ActiveCfg = Release|Any CPU
		{6267093F-6303-4CAD-BDD0-B49A20323D3D}.Release|Any CPU.Build.0 = Release|Any CPU
		{E6F16DF5-CC6A-4215-8A61-49182EDD1B27}.Debug|Any CPU.ActiveCfg = Debug|Any CPU
		{E6F16DF5-CC6A-4215-8A61-49182EDD1B27}.Debug|Any CPU.Build.0 = Debug|Any CPU
		{E6F16DF5-CC6A-4215-8A61-49182EDD1B27}.Release|Any CPU.ActiveCfg = Release|Any CPU
		{E6F16DF5-CC6A-4215-8A61-49182EDD1B27}.Release|Any CPU.Build.0 = Release|Any CPU
		{C56282B5-CCF8-4BE2-90DE-14446290FA78}.Debug|Any CPU.ActiveCfg = Debug|Any CPU
		{C56282B5-CCF8-4BE2-90DE-14446290FA78}.Debug|Any CPU.Build.0 = Debug|Any CPU
		{C56282B5-CCF8-4BE2-90DE-14446290FA78}.Release|Any CPU.ActiveCfg = Release|Any CPU
		{C56282B5-CCF8-4BE2-90DE-14446290FA78}.Release|Any CPU.Build.0 = Release|Any CPU
	EndGlobalSection
	GlobalSection(SolutionProperties) = preSolution
		HideSolutionNode = FALSE
	EndGlobalSection
	GlobalSection(ExtensibilityGlobals) = postSolution
		SolutionGuid = {F7211444-5CE3-4FC9-8DF9-B1AFA4803063}
	EndGlobalSection
EndGlobal
