
Microsoft Visual Studio Solution File, Format Version 12.00
# Visual Studio Version 17
VisualStudioVersion = 17.1.32319.34
MinimumVisualStudioVersion = 10.0.40219.1
Project("{FAE04EC0-301F-11D3-BF4B-00C04F79EFBC}") = "LargestCommonEnd", "LargestCommonEnd\LargestCommonEnd.csproj", "{6267093F-6303-4CAD-BDD0-B49A20323D3D}"
EndProject
Project("{FAE04EC0-301F-11D3-BF4B-00C04F79EFBC}") = "RotateaAndSum", "RotateaAndSum\RotateaAndSum.csproj", "{E6F16DF5-CC6A-4215-8A61-49182EDD1B27}"
EndProject
Project("{FAE04EC0-301F-11D3-BF4B-00C04F79EFBC}") = "FoldAndSum", "FoldAndSum\FoldAndSum.csproj", "{C50F990A-B6A2-490D-8170-3DA6E18B3CBB}"
EndProject
Project("{FAE04EC0-301F-11D3-BF4B-00C04F79EFBC}") = "SieveOfEratosthenes", "SieveOfEratosthenes\SieveOfEratosthenes.csproj", "{664465A0-B764-4600-9D45-2280919B422B}"
EndProject
Project("{FAE04EC0-301F-11D3-BF4B-00C04F79EFBC}") = "CompareCharArrays", "CompareCharArrays\CompareCharArrays.csproj", "{1B53CEAE-58E4-46E9-9FCA-86A6EFA0E466}"
EndProject
Project("{FAE04EC0-301F-11D3-BF4B-00C04F79EFBC}") = "MaxSequenceOfEqualElements", "MaxSequenceOfEqualElements\MaxSequenceOfEqualElements.csproj", "{3E7343D6-9F52-4BE2-ABA0-2E5D704A67D2}"
EndProject
Project("{FAE04EC0-301F-11D3-BF4B-00C04F79EFBC}") = "MaxSequenceOfIncreasingElements", "MaxSequenceOfIncreasingElements\MaxSequenceOfIncreasingElements.csproj", "{307CE625-49FB-493B-A064-7CDFBC3E5214}"
EndProject
Project("{FAE04EC0-301F-11D3-BF4B-00C04F79EFBC}") = "MostFrequentNumber", "MostFrequentNumber\MostFrequentNumber.csproj", "{4FB610F1-790C-4415-B2F7-568DECB9BDC6}"
EndProject
Project("{FAE04EC0-301F-11D3-BF4B-00C04F79EFBC}") = "IndexOfLetters", "IndexOfLetters\IndexOfLetters.csproj", "{5DA10E6B-8274-4A52-93B7-DEDC499C08B2}"
EndProject
Project("{FAE04EC0-301F-11D3-BF4B-00C04F79EFBC}") = "PairsByDifference", "PairsByDifference\PairsByDifference.csproj", "{4ED83366-46B4-4D15-8656-2360969ECDB1}"
EndProject
Global
	GlobalSection(SolutionConfigurationPlatforms) = preSolution
		Debug|Any CPU = Debug|Any CPU
		Release|Any CPU = Release|Any CPU
	EndGlobalSection
	GlobalSection(ProjectConfigurationPlatforms) = postSolution
		{6267093F-6303-4CAD-BDD0-B49A20323D3D}.Debug|Any CPU.ActiveCfg = Debug|Any CPU
		{6267093F-6303-4CAD-BDD0-B49A20323D3D}.Debug|Any CPU.Build.0 = Debug|Any CPU
		{6267093F-6303-4CAD-BDD0-B49A20323D3D}.Release|Any CPU.ActiveCfg = Release|Any CPU
		{6267093F-6303-4CAD-BDD0-B49A20323D3D}.Release|Any CPU.Build.0 = Release|Any CPU
		{E6F16DF5-CC6A-4215-8A61-49182EDD1B27}.Debug|Any CPU.ActiveCfg = Debug|Any CPU
		{E6F16DF5-CC6A-4215-8A61-49182EDD1B27}.Debug|Any CPU.Build.0 = Debug|Any CPU
		{E6F16DF5-CC6A-4215-8A61-49182EDD1B27}.Release|Any CPU.ActiveCfg = Release|Any CPU
		{E6F16DF5-CC6A-4215-8A61-49182EDD1B27}.Release|Any CPU.Build.0 = Release|Any CPU
		{C50F990A-B6A2-490D-8170-3DA6E18B3CBB}.Debug|Any CPU.ActiveCfg = Debug|Any CPU
		{C50F990A-B6A2-490D-8170-3DA6E18B3CBB}.Debug|Any CPU.Build.0 = Debug|Any CPU
		{C50F990A-B6A2-490D-8170-3DA6E18B3CBB}.Release|Any CPU.ActiveCfg = Release|Any CPU
		{C50F990A-B6A2-490D-8170-3DA6E18B3CBB}.Release|Any CPU.Build.0 = Release|Any CPU
		{664465A0-B764-4600-9D45-2280919B422B}.Debug|Any CPU.ActiveCfg = Debug|Any CPU
		{664465A0-B764-4600-9D45-2280919B422B}.Debug|Any CPU.Build.0 = Debug|Any CPU
		{664465A0-B764-4600-9D45-2280919B422B}.Release|Any CPU.ActiveCfg = Release|Any CPU
		{664465A0-B764-4600-9D45-2280919B422B}.Release|Any CPU.Build.0 = Release|Any CPU
		{1B53CEAE-58E4-46E9-9FCA-86A6EFA0E466}.Debug|Any CPU.ActiveCfg = Debug|Any CPU
		{1B53CEAE-58E4-46E9-9FCA-86A6EFA0E466}.Debug|Any CPU.Build.0 = Debug|Any CPU
		{1B53CEAE-58E4-46E9-9FCA-86A6EFA0E466}.Release|Any CPU.ActiveCfg = Release|Any CPU
		{1B53CEAE-58E4-46E9-9FCA-86A6EFA0E466}.Release|Any CPU.Build.0 = Release|Any CPU
		{3E7343D6-9F52-4BE2-ABA0-2E5D704A67D2}.Debug|Any CPU.ActiveCfg = Debug|Any CPU
		{3E7343D6-9F52-4BE2-ABA0-2E5D704A67D2}.Debug|Any CPU.Build.0 = Debug|Any CPU
		{3E7343D6-9F52-4BE2-ABA0-2E5D704A67D2}.Release|Any CPU.ActiveCfg = Release|Any CPU
		{3E7343D6-9F52-4BE2-ABA0-2E5D704A67D2}.Release|Any CPU.Build.0 = Release|Any CPU
		{307CE625-49FB-493B-A064-7CDFBC3E5214}.Debug|Any CPU.ActiveCfg = Debug|Any CPU
		{307CE625-49FB-493B-A064-7CDFBC3E5214}.Debug|Any CPU.Build.0 = Debug|Any CPU
		{307CE625-49FB-493B-A064-7CDFBC3E5214}.Release|Any CPU.ActiveCfg = Release|Any CPU
		{307CE625-49FB-493B-A064-7CDFBC3E5214}.Release|Any CPU.Build.0 = Release|Any CPU
		{4FB610F1-790C-4415-B2F7-568DECB9BDC6}.Debug|Any CPU.ActiveCfg = Debug|Any CPU
		{4FB610F1-790C-4415-B2F7-568DECB9BDC6}.Debug|Any CPU.Build.0 = Debug|Any CPU
		{4FB610F1-790C-4415-B2F7-568DECB9BDC6}.Release|Any CPU.ActiveCfg = Release|Any CPU
		{4FB610F1-790C-4415-B2F7-568DECB9BDC6}.Release|Any CPU.Build.0 = Release|Any CPU
		{5DA10E6B-8274-4A52-93B7-DEDC499C08B2}.Debug|Any CPU.ActiveCfg = Debug|Any CPU
		{5DA10E6B-8274-4A52-93B7-DEDC499C08B2}.Debug|Any CPU.Build.0 = Debug|Any CPU
		{5DA10E6B-8274-4A52-93B7-DEDC499C08B2}.Release|Any CPU.ActiveCfg = Release|Any CPU
		{5DA10E6B-8274-4A52-93B7-DEDC499C08B2}.Release|Any CPU.Build.0 = Release|Any CPU
		{4ED83366-46B4-4D15-8656-2360969ECDB1}.Debug|Any CPU.ActiveCfg = Debug|Any CPU
		{4ED83366-46B4-4D15-8656-2360969ECDB1}.Debug|Any CPU.Build.0 = Debug|Any CPU
		{4ED83366-46B4-4D15-8656-2360969ECDB1}.Release|Any CPU.ActiveCfg = Release|Any CPU
		{4ED83366-46B4-4D15-8656-2360969ECDB1}.Release|Any CPU.Build.0 = Release|Any CPU
	EndGlobalSection
	GlobalSection(SolutionProperties) = preSolution
		HideSolutionNode = FALSE
	EndGlobalSection
	GlobalSection(ExtensibilityGlobals) = postSolution
		SolutionGuid = {F7211444-5CE3-4FC9-8DF9-B1AFA4803063}
	EndGlobalSection
EndGlobal
